
Microsoft Visual Studio Solution File, Format Version 12.00
Project("{FAE04EC0-301F-11D3-BF4B-00C04F79EFBC}") = "RainbowTags", "RainbowTags\RainbowTags.csproj", "{DCFE52B5-67D3-4FD7-B5F0-8A790F4DCD01}"
EndProject
Global
	GlobalSection(SolutionConfigurationPlatforms) = preSolution
		Debug|Any CPU = Debug|Any CPU
		Release|Any CPU = Release|Any CPU
	EndGlobalSection
	GlobalSection(ProjectConfigurationPlatforms) = postSolution
		{DCFE52B5-67D3-4FD7-B5F0-8A790F4DCD01}.Debug|Any CPU.ActiveCfg = Debug|Any CPU
		{DCFE52B5-67D3-4FD7-B5F0-8A790F4DCD01}.Debug|Any CPU.Build.0 = Debug|Any CPU
		{DCFE52B5-67D3-4FD7-B5F0-8A790F4DCD01}.Release|Any CPU.ActiveCfg = Release|Any CPU
		{DCFE52B5-67D3-4FD7-B5F0-8A790F4DCD01}.Release|Any CPU.Build.0 = Release|Any CPU
	EndGlobalSection
EndGlobal
